// !$*UTF8*$!
{
	archiveVersion = 1;
	classes = {
	};
	objectVersion = 50;
	objects = {

/* Begin PBXBuildFile section */
		34D6179022568B0400767D5E /* AppDelegate.swift in Sources */ = {isa = PBXBuildFile; fileRef = 34D6178F22568B0400767D5E /* AppDelegate.swift */; };
		34D6179222568B0400767D5E /* ViewController.swift in Sources */ = {isa = PBXBuildFile; fileRef = 34D6179122568B0400767D5E /* ViewController.swift */; };
		34D6179522568B0400767D5E /* Main.storyboard in Resources */ = {isa = PBXBuildFile; fileRef = 34D6179322568B0400767D5E /* Main.storyboard */; };
		34D6179722568B0600767D5E /* Assets.xcassets in Resources */ = {isa = PBXBuildFile; fileRef = 34D6179622568B0600767D5E /* Assets.xcassets */; };
		34D6179A22568B0600767D5E /* LaunchScreen.storyboard in Resources */ = {isa = PBXBuildFile; fileRef = 34D6179822568B0600767D5E /* LaunchScreen.storyboard */; };
		34D617A522568B0600767D5E /* MasterMindTests.swift in Sources */ = {isa = PBXBuildFile; fileRef = 34D617A422568B0600767D5E /* MasterMindTests.swift */; };
		34D617B022568B0600767D5E /* MasterMindUITests.swift in Sources */ = {isa = PBXBuildFile; fileRef = 34D617AF22568B0600767D5E /* MasterMindUITests.swift */; };
		9CCC31B3225FA9EE0092EFE3 /* DifficultyMenu.swift in Sources */ = {isa = PBXBuildFile; fileRef = 9CCC31B2225FA9EE0092EFE3 /* DifficultyMenu.swift */; };
		9CCC31B5225FAA050092EFE3 /* PlayGame.swift in Sources */ = {isa = PBXBuildFile; fileRef = 9CCC31B4225FAA050092EFE3 /* PlayGame.swift */; };
		9CCC31B7225FAA140092EFE3 /* ResultsMenu.swift in Sources */ = {isa = PBXBuildFile; fileRef = 9CCC31B6225FAA140092EFE3 /* ResultsMenu.swift */; };
		9CCC31B9225FAADD0092EFE3 /* PauseMenu.swift in Sources */ = {isa = PBXBuildFile; fileRef = 9CCC31B8225FAADD0092EFE3 /* PauseMenu.swift */; };
/* End PBXBuildFile section */

/* Begin PBXContainerItemProxy section */
		34D617A122568B0600767D5E /* PBXContainerItemProxy */ = {
			isa = PBXContainerItemProxy;
			containerPortal = 34D6178422568B0400767D5E /* Project object */;
			proxyType = 1;
			remoteGlobalIDString = 34D6178B22568B0400767D5E;
			remoteInfo = MasterMind;
		};
		34D617AC22568B0600767D5E /* PBXContainerItemProxy */ = {
			isa = PBXContainerItemProxy;
			containerPortal = 34D6178422568B0400767D5E /* Project object */;
			proxyType = 1;
			remoteGlobalIDString = 34D6178B22568B0400767D5E;
			remoteInfo = MasterMind;
		};
/* End PBXContainerItemProxy section */

/* Begin PBXFileReference section */
		34D6178C22568B0400767D5E /* MasterMind.app */ = {isa = PBXFileReference; explicitFileType = wrapper.application; includeInIndex = 0; path = MasterMind.app; sourceTree = BUILT_PRODUCTS_DIR; };
		34D6178F22568B0400767D5E /* AppDelegate.swift */ = {isa = PBXFileReference; lastKnownFileType = sourcecode.swift; path = AppDelegate.swift; sourceTree = "<group>"; };
		34D6179122568B0400767D5E /* ViewController.swift */ = {isa = PBXFileReference; lastKnownFileType = sourcecode.swift; path = ViewController.swift; sourceTree = "<group>"; };
		34D6179422568B0400767D5E /* Base */ = {isa = PBXFileReference; lastKnownFileType = file.storyboard; name = Base; path = Base.lproj/Main.storyboard; sourceTree = "<group>"; };
		34D6179622568B0600767D5E /* Assets.xcassets */ = {isa = PBXFileReference; lastKnownFileType = folder.assetcatalog; path = Assets.xcassets; sourceTree = "<group>"; };
		34D6179922568B0600767D5E /* Base */ = {isa = PBXFileReference; lastKnownFileType = file.storyboard; name = Base; path = Base.lproj/LaunchScreen.storyboard; sourceTree = "<group>"; };
		34D6179B22568B0600767D5E /* Info.plist */ = {isa = PBXFileReference; lastKnownFileType = text.plist.xml; path = Info.plist; sourceTree = "<group>"; };
		34D617A022568B0600767D5E /* MasterMindTests.xctest */ = {isa = PBXFileReference; explicitFileType = wrapper.cfbundle; includeInIndex = 0; path = MasterMindTests.xctest; sourceTree = BUILT_PRODUCTS_DIR; };
		34D617A422568B0600767D5E /* MasterMindTests.swift */ = {isa = PBXFileReference; lastKnownFileType = sourcecode.swift; path = MasterMindTests.swift; sourceTree = "<group>"; };
		34D617A622568B0600767D5E /* Info.plist */ = {isa = PBXFileReference; lastKnownFileType = text.plist.xml; path = Info.plist; sourceTree = "<group>"; };
		34D617AB22568B0600767D5E /* MasterMindUITests.xctest */ = {isa = PBXFileReference; explicitFileType = wrapper.cfbundle; includeInIndex = 0; path = MasterMindUITests.xctest; sourceTree = BUILT_PRODUCTS_DIR; };
		34D617AF22568B0600767D5E /* MasterMindUITests.swift */ = {isa = PBXFileReference; lastKnownFileType = sourcecode.swift; path = MasterMindUITests.swift; sourceTree = "<group>"; };
		34D617B122568B0600767D5E /* Info.plist */ = {isa = PBXFileReference; lastKnownFileType = text.plist.xml; path = Info.plist; sourceTree = "<group>"; };
		9CCC31B2225FA9EE0092EFE3 /* DifficultyMenu.swift */ = {isa = PBXFileReference; lastKnownFileType = sourcecode.swift; path = DifficultyMenu.swift; sourceTree = "<group>"; };
		9CCC31B4225FAA050092EFE3 /* PlayGame.swift */ = {isa = PBXFileReference; lastKnownFileType = sourcecode.swift; path = PlayGame.swift; sourceTree = "<group>"; };
		9CCC31B6225FAA140092EFE3 /* ResultsMenu.swift */ = {isa = PBXFileReference; lastKnownFileType = sourcecode.swift; path = ResultsMenu.swift; sourceTree = "<group>"; };
		9CCC31B8225FAADD0092EFE3 /* PauseMenu.swift */ = {isa = PBXFileReference; lastKnownFileType = sourcecode.swift; path = PauseMenu.swift; sourceTree = "<group>"; };
/* End PBXFileReference section */

/* Begin PBXFrameworksBuildPhase section */
		34D6178922568B0400767D5E /* Frameworks */ = {
			isa = PBXFrameworksBuildPhase;
			buildActionMask = 2147483647;
			files = (
			);
			runOnlyForDeploymentPostprocessing = 0;
		};
		34D6179D22568B0600767D5E /* Frameworks */ = {
			isa = PBXFrameworksBuildPhase;
			buildActionMask = 2147483647;
			files = (
			);
			runOnlyForDeploymentPostprocessing = 0;
		};
		34D617A822568B0600767D5E /* Frameworks */ = {
			isa = PBXFrameworksBuildPhase;
			buildActionMask = 2147483647;
			files = (
			);
			runOnlyForDeploymentPostprocessing = 0;
		};
/* End PBXFrameworksBuildPhase section */

/* Begin PBXGroup section */
		34D6178322568B0400767D5E = {
			isa = PBXGroup;
			children = (
				34D6178E22568B0400767D5E /* MasterMind */,
				34D617A322568B0600767D5E /* MasterMindTests */,
				34D617AE22568B0600767D5E /* MasterMindUITests */,
				34D6178D22568B0400767D5E /* Products */,
			);
			sourceTree = "<group>";
		};
		34D6178D22568B0400767D5E /* Products */ = {
			isa = PBXGroup;
			children = (
				34D6178C22568B0400767D5E /* MasterMind.app */,
				34D617A022568B0600767D5E /* MasterMindTests.xctest */,
				34D617AB22568B0600767D5E /* MasterMindUITests.xctest */,
			);
			name = Products;
			sourceTree = "<group>";
		};
		34D6178E22568B0400767D5E /* MasterMind */ = {
			isa = PBXGroup;
			children = (
				34D6178F22568B0400767D5E /* AppDelegate.swift */,
				34D6179122568B0400767D5E /* ViewController.swift */,
				9CCC31B2225FA9EE0092EFE3 /* DifficultyMenu.swift */,
				9CCC31B4225FAA050092EFE3 /* PlayGame.swift */,
				9CCC31B6225FAA140092EFE3 /* ResultsMenu.swift */,
				9CCC31B8225FAADD0092EFE3 /* PauseMenu.swift */,
				34D6179322568B0400767D5E /* Main.storyboard */,
				34D6179622568B0600767D5E /* Assets.xcassets */,
				34D6179822568B0600767D5E /* LaunchScreen.storyboard */,
				34D6179B22568B0600767D5E /* Info.plist */,
			);
			path = MasterMind;
			sourceTree = "<group>";
		};
		34D617A322568B0600767D5E /* MasterMindTests */ = {
			isa = PBXGroup;
			children = (
				34D617A422568B0600767D5E /* MasterMindTests.swift */,
				34D617A622568B0600767D5E /* Info.plist */,
			);
			path = MasterMindTests;
			sourceTree = "<group>";
		};
		34D617AE22568B0600767D5E /* MasterMindUITests */ = {
			isa = PBXGroup;
			children = (
				34D617AF22568B0600767D5E /* MasterMindUITests.swift */,
				34D617B122568B0600767D5E /* Info.plist */,
			);
			path = MasterMindUITests;
			sourceTree = "<group>";
		};
/* End PBXGroup section */

/* Begin PBXNativeTarget section */
		34D6178B22568B0400767D5E /* MasterMind */ = {
			isa = PBXNativeTarget;
			buildConfigurationList = 34D617B422568B0600767D5E /* Build configuration list for PBXNativeTarget "MasterMind" */;
			buildPhases = (
				34D6178822568B0400767D5E /* Sources */,
				34D6178922568B0400767D5E /* Frameworks */,
				34D6178A22568B0400767D5E /* Resources */,
			);
			buildRules = (
			);
			dependencies = (
			);
			name = MasterMind;
			productName = MasterMind;
			productReference = 34D6178C22568B0400767D5E /* MasterMind.app */;
			productType = "com.apple.product-type.application";
		};
		34D6179F22568B0600767D5E /* MasterMindTests */ = {
			isa = PBXNativeTarget;
			buildConfigurationList = 34D617B722568B0600767D5E /* Build configuration list for PBXNativeTarget "MasterMindTests" */;
			buildPhases = (
				34D6179C22568B0600767D5E /* Sources */,
				34D6179D22568B0600767D5E /* Frameworks */,
				34D6179E22568B0600767D5E /* Resources */,
			);
			buildRules = (
			);
			dependencies = (
				34D617A222568B0600767D5E /* PBXTargetDependency */,
			);
			name = MasterMindTests;
			productName = MasterMindTests;
			productReference = 34D617A022568B0600767D5E /* MasterMindTests.xctest */;
			productType = "com.apple.product-type.bundle.unit-test";
		};
		34D617AA22568B0600767D5E /* MasterMindUITests */ = {
			isa = PBXNativeTarget;
			buildConfigurationList = 34D617BA22568B0600767D5E /* Build configuration list for PBXNativeTarget "MasterMindUITests" */;
			buildPhases = (
				34D617A722568B0600767D5E /* Sources */,
				34D617A822568B0600767D5E /* Frameworks */,
				34D617A922568B0600767D5E /* Resources */,
			);
			buildRules = (
			);
			dependencies = (
				34D617AD22568B0600767D5E /* PBXTargetDependency */,
			);
			name = MasterMindUITests;
			productName = MasterMindUITests;
			productReference = 34D617AB22568B0600767D5E /* MasterMindUITests.xctest */;
			productType = "com.apple.product-type.bundle.ui-testing";
		};
/* End PBXNativeTarget section */

/* Begin PBXProject section */
		34D6178422568B0400767D5E /* Project object */ = {
			isa = PBXProject;
			attributes = {
				LastSwiftUpdateCheck = 1010;
				LastUpgradeCheck = 1010;
				ORGANIZATIONNAME = "Glenville Pecor";
				TargetAttributes = {
					34D6178B22568B0400767D5E = {
						CreatedOnToolsVersion = 10.1;
					};
					34D6179F22568B0600767D5E = {
						CreatedOnToolsVersion = 10.1;
						TestTargetID = 34D6178B22568B0400767D5E;
					};
					34D617AA22568B0600767D5E = {
						CreatedOnToolsVersion = 10.1;
						TestTargetID = 34D6178B22568B0400767D5E;
					};
				};
			};
			buildConfigurationList = 34D6178722568B0400767D5E /* Build configuration list for PBXProject "MasterMind" */;
			compatibilityVersion = "Xcode 9.3";
			developmentRegion = en;
			hasScannedForEncodings = 0;
			knownRegions = (
				en,
				Base,
			);
			mainGroup = 34D6178322568B0400767D5E;
			productRefGroup = 34D6178D22568B0400767D5E /* Products */;
			projectDirPath = "";
			projectRoot = "";
			targets = (
				34D6178B22568B0400767D5E /* MasterMind */,
				34D6179F22568B0600767D5E /* MasterMindTests */,
				34D617AA22568B0600767D5E /* MasterMindUITests */,
			);
		};
/* End PBXProject section */

/* Begin PBXResourcesBuildPhase section */
		34D6178A22568B0400767D5E /* Resources */ = {
			isa = PBXResourcesBuildPhase;
			buildActionMask = 2147483647;
			files = (
				34D6179A22568B0600767D5E /* LaunchScreen.storyboard in Resources */,
				34D6179722568B0600767D5E /* Assets.xcassets in Resources */,
				34D6179522568B0400767D5E /* Main.storyboard in Resources */,
			);
			runOnlyForDeploymentPostprocessing = 0;
		};
		34D6179E22568B0600767D5E /* Resources */ = {
			isa = PBXResourcesBuildPhase;
			buildActionMask = 2147483647;
			files = (
			);
			runOnlyForDeploymentPostprocessing = 0;
		};
		34D617A922568B0600767D5E /* Resources */ = {
			isa = PBXResourcesBuildPhase;
			buildActionMask = 2147483647;
			files = (
			);
			runOnlyForDeploymentPostprocessing = 0;
		};
/* End PBXResourcesBuildPhase section */

/* Begin PBXSourcesBuildPhase section */
		34D6178822568B0400767D5E /* Sources */ = {
			isa = PBXSourcesBuildPhase;
			buildActionMask = 2147483647;
			files = (
				34D6179222568B0400767D5E /* ViewController.swift in Sources */,
				34D6179022568B0400767D5E /* AppDelegate.swift in Sources */,
				9CCC31B5225FAA050092EFE3 /* PlayGame.swift in Sources */,
				9CCC31B9225FAADD0092EFE3 /* PauseMenu.swift in Sources */,
				9CCC31B3225FA9EE0092EFE3 /* DifficultyMenu.swift in Sources */,
				9CCC31B7225FAA140092EFE3 /* ResultsMenu.swift in Sources */,
			);
			runOnlyForDeploymentPostprocessing = 0;
		};
		34D6179C22568B0600767D5E /* Sources */ = {
			isa = PBXSourcesBuildPhase;
			buildActionMask = 2147483647;
			files = (
				34D617A522568B0600767D5E /* MasterMindTests.swift in Sources */,
			);
			runOnlyForDeploymentPostprocessing = 0;
		};
		34D617A722568B0600767D5E /* Sources */ = {
			isa = PBXSourcesBuildPhase;
			buildActionMask = 2147483647;
			files = (
				34D617B022568B0600767D5E /* MasterMindUITests.swift in Sources */,
			);
			runOnlyForDeploymentPostprocessing = 0;
		};
/* End PBXSourcesBuildPhase section */

/* Begin PBXTargetDependency section */
		34D617A222568B0600767D5E /* PBXTargetDependency */ = {
			isa = PBXTargetDependency;
			target = 34D6178B22568B0400767D5E /* MasterMind */;
			targetProxy = 34D617A122568B0600767D5E /* PBXContainerItemProxy */;
		};
		34D617AD22568B0600767D5E /* PBXTargetDependency */ = {
			isa = PBXTargetDependency;
			target = 34D6178B22568B0400767D5E /* MasterMind */;
			targetProxy = 34D617AC22568B0600767D5E /* PBXContainerItemProxy */;
		};
/* End PBXTargetDependency section */

/* Begin PBXVariantGroup section */
		34D6179322568B0400767D5E /* Main.storyboard */ = {
			isa = PBXVariantGroup;
			children = (
				34D6179422568B0400767D5E /* Base */,
			);
			name = Main.storyboard;
			sourceTree = "<group>";
		};
		34D6179822568B0600767D5E /* LaunchScreen.storyboard */ = {
			isa = PBXVariantGroup;
			children = (
				34D6179922568B0600767D5E /* Base */,
			);
			name = LaunchScreen.storyboard;
			sourceTree = "<group>";
		};
/* End PBXVariantGroup section */

/* Begin XCBuildConfiguration section */
		34D617B222568B0600767D5E /* Debug */ = {
			isa = XCBuildConfiguration;
			buildSettings = {
				ALWAYS_SEARCH_USER_PATHS = NO;
				CLANG_ANALYZER_NONNULL = YES;
				CLANG_ANALYZER_NUMBER_OBJECT_CONVERSION = YES_AGGRESSIVE;
				CLANG_CXX_LANGUAGE_STANDARD = "gnu++14";
				CLANG_CXX_LIBRARY = "libc++";
				CLANG_ENABLE_MODULES = YES;
				CLANG_ENABLE_OBJC_ARC = YES;
				CLANG_ENABLE_OBJC_WEAK = YES;
				CLANG_WARN_BLOCK_CAPTURE_AUTORELEASING = YES;
				CLANG_WARN_BOOL_CONVERSION = YES;
				CLANG_WARN_COMMA = YES;
				CLANG_WARN_CONSTANT_CONVERSION = YES;
				CLANG_WARN_DEPRECATED_OBJC_IMPLEMENTATIONS = YES;
				CLANG_WARN_DIRECT_OBJC_ISA_USAGE = YES_ERROR;
				CLANG_WARN_DOCUMENTATION_COMMENTS = YES;
				CLANG_WARN_EMPTY_BODY = YES;
				CLANG_WARN_ENUM_CONVERSION = YES;
				CLANG_WARN_INFINITE_RECURSION = YES;
				CLANG_WARN_INT_CONVERSION = YES;
				CLANG_WARN_NON_LITERAL_NULL_CONVERSION = YES;
				CLANG_WARN_OBJC_IMPLICIT_RETAIN_SELF = YES;
				CLANG_WARN_OBJC_LITERAL_CONVERSION = YES;
				CLANG_WARN_OBJC_ROOT_CLASS = YES_ERROR;
				CLANG_WARN_RANGE_LOOP_ANALYSIS = YES;
				CLANG_WARN_STRICT_PROTOTYPES = YES;
				CLANG_WARN_SUSPICIOUS_MOVE = YES;
				CLANG_WARN_UNGUARDED_AVAILABILITY = YES_AGGRESSIVE;
				CLANG_WARN_UNREACHABLE_CODE = YES;
				CLANG_WARN__DUPLICATE_METHOD_MATCH = YES;
				CODE_SIGN_IDENTITY = "iPhone Developer";
				COPY_PHASE_STRIP = NO;
				DEBUG_INFORMATION_FORMAT = dwarf;
				ENABLE_STRICT_OBJC_MSGSEND = YES;
				ENABLE_TESTABILITY = YES;
				GCC_C_LANGUAGE_STANDARD = gnu11;
				GCC_DYNAMIC_NO_PIC = NO;
				GCC_NO_COMMON_BLOCKS = YES;
				GCC_OPTIMIZATION_LEVEL = 0;
				GCC_PREPROCESSOR_DEFINITIONS = (
					"DEBUG=1",
					"$(inherited)",
				);
				GCC_WARN_64_TO_32_BIT_CONVERSION = YES;
				GCC_WARN_ABOUT_RETURN_TYPE = YES_ERROR;
				GCC_WARN_UNDECLARED_SELECTOR = YES;
				GCC_WARN_UNINITIALIZED_AUTOS = YES_AGGRESSIVE;
				GCC_WARN_UNUSED_FUNCTION = YES;
				GCC_WARN_UNUSED_VARIABLE = YES;
				IPHONEOS_DEPLOYMENT_TARGET = 12.1;
				MTL_ENABLE_DEBUG_INFO = INCLUDE_SOURCE;
				MTL_FAST_MATH = YES;
				ONLY_ACTIVE_ARCH = YES;
				SDKROOT = iphoneos;
				SWIFT_ACTIVE_COMPILATION_CONDITIONS = DEBUG;
				SWIFT_OPTIMIZATION_LEVEL = "-Onone";
			};
			name = Debug;
		};
		34D617B322568B0600767D5E /* Release */ = {
			isa = XCBuildConfiguration;
			buildSettings = {
				ALWAYS_SEARCH_USER_PATHS = NO;
				CLANG_ANALYZER_NONNULL = YES;
				CLANG_ANALYZER_NUMBER_OBJECT_CONVERSION = YES_AGGRESSIVE;
				CLANG_CXX_LANGUAGE_STANDARD = "gnu++14";
				CLANG_CXX_LIBRARY = "libc++";
				CLANG_ENABLE_MODULES = YES;
				CLANG_ENABLE_OBJC_ARC = YES;
				CLANG_ENABLE_OBJC_WEAK = YES;
				CLANG_WARN_BLOCK_CAPTURE_AUTORELEASING = YES;
				CLANG_WARN_BOOL_CONVERSION = YES;
				CLANG_WARN_COMMA = YES;
				CLANG_WARN_CONSTANT_CONVERSION = YES;
				CLANG_WARN_DEPRECATED_OBJC_IMPLEMENTATIONS = YES;
				CLANG_WARN_DIRECT_OBJC_ISA_USAGE = YES_ERROR;
				CLANG_WARN_DOCUMENTATION_COMMENTS = YES;
				CLANG_WARN_EMPTY_BODY = YES;
				CLANG_WARN_ENUM_CONVERSION = YES;
				CLANG_WARN_INFINITE_RECURSION = YES;
				CLANG_WARN_INT_CONVERSION = YES;
				CLANG_WARN_NON_LITERAL_NULL_CONVERSION = YES;
				CLANG_WARN_OBJC_IMPLICIT_RETAIN_SELF = YES;
				CLANG_WARN_OBJC_LITERAL_CONVERSION = YES;
				CLANG_WARN_OBJC_ROOT_CLASS = YES_ERROR;
				CLANG_WARN_RANGE_LOOP_ANALYSIS = YES;
				CLANG_WARN_STRICT_PROTOTYPES = YES;
				CLANG_WARN_SUSPICIOUS_MOVE = YES;
				CLANG_WARN_UNGUARDED_AVAILABILITY = YES_AGGRESSIVE;
				CLANG_WARN_UNREACHABLE_CODE = YES;
				CLANG_WARN__DUPLICATE_METHOD_MATCH = YES;
				CODE_SIGN_IDENTITY = "iPhone Developer";
				COPY_PHASE_STRIP = NO;
				DEBUG_INFORMATION_FORMAT = "dwarf-with-dsym";
				ENABLE_NS_ASSERTIONS = NO;
				ENABLE_STRICT_OBJC_MSGSEND = YES;
				GCC_C_LANGUAGE_STANDARD = gnu11;
				GCC_NO_COMMON_BLOCKS = YES;
				GCC_WARN_64_TO_32_BIT_CONVERSION = YES;
				GCC_WARN_ABOUT_RETURN_TYPE = YES_ERROR;
				GCC_WARN_UNDECLARED_SELECTOR = YES;
				GCC_WARN_UNINITIALIZED_AUTOS = YES_AGGRESSIVE;
				GCC_WARN_UNUSED_FUNCTION = YES;
				GCC_WARN_UNUSED_VARIABLE = YES;
				IPHONEOS_DEPLOYMENT_TARGET = 12.1;
				MTL_ENABLE_DEBUG_INFO = NO;
				MTL_FAST_MATH = YES;
				SDKROOT = iphoneos;
				SWIFT_COMPILATION_MODE = wholemodule;
				SWIFT_OPTIMIZATION_LEVEL = "-O";
				VALIDATE_PRODUCT = YES;
			};
			name = Release;
		};
		34D617B522568B0600767D5E /* Debug */ = {
			isa = XCBuildConfiguration;
			buildSettings = {
				ASSETCATALOG_COMPILER_APPICON_NAME = AppIcon;
				CODE_SIGN_STYLE = Automatic;
				INFOPLIST_FILE = MasterMind/Info.plist;
				LD_RUNPATH_SEARCH_PATHS = (
					"$(inherited)",
					"@executable_path/Frameworks",
				);
				PRODUCT_BUNDLE_IDENTIFIER = NA.MasterMind;
				PRODUCT_NAME = "$(TARGET_NAME)";
				SWIFT_VERSION = 4.2;
				TARGETED_DEVICE_FAMILY = "1,2";
			};
			name = Debug;
		};
		34D617B622568B0600767D5E /* Release */ = {
			isa = XCBuildConfiguration;
			buildSettings = {
				ASSETCATALOG_COMPILER_APPICON_NAME = AppIcon;
				CODE_SIGN_STYLE = Automatic;
				INFOPLIST_FILE = MasterMind/Info.plist;
				LD_RUNPATH_SEARCH_PATHS = (
					"$(inherited)",
					"@executable_path/Frameworks",
				);
				PRODUCT_BUNDLE_IDENTIFIER = NA.MasterMind;
				PRODUCT_NAME = "$(TARGET_NAME)";
				SWIFT_VERSION = 4.2;
				TARGETED_DEVICE_FAMILY = "1,2";
			};
			name = Release;
		};
		34D617B822568B0600767D5E /* Debug */ = {
			isa = XCBuildConfiguration;
			buildSettings = {
				ALWAYS_EMBED_SWIFT_STANDARD_LIBRARIES = YES;
				BUNDLE_LOADER = "$(TEST_HOST)";
				CODE_SIGN_STYLE = Automatic;
				INFOPLIST_FILE = MasterMindTests/Info.plist;
				LD_RUNPATH_SEARCH_PATHS = (
					"$(inherited)",
					"@executable_path/Frameworks",
					"@loader_path/Frameworks",
				);
				PRODUCT_BUNDLE_IDENTIFIER = NA.MasterMindTests;
				PRODUCT_NAME = "$(TARGET_NAME)";
				SWIFT_VERSION = 4.2;
				TARGETED_DEVICE_FAMILY = "1,2";
				TEST_HOST = "$(BUILT_PRODUCTS_DIR)/MasterMind.app/MasterMind";
			};
			name = Debug;
		};
		34D617B922568B0600767D5E /* Release */ = {
			isa = XCBuildConfiguration;
			buildSettings = {
				ALWAYS_EMBED_SWIFT_STANDARD_LIBRARIES = YES;
				BUNDLE_LOADER = "$(TEST_HOST)";
				CODE_SIGN_STYLE = Automatic;
				INFOPLIST_FILE = MasterMindTests/Info.plist;
				LD_RUNPATH_SEARCH_PATHS = (
					"$(inherited)",
					"@executable_path/Frameworks",
					"@loader_path/Frameworks",
				);
				PRODUCT_BUNDLE_IDENTIFIER = NA.MasterMindTests;
				PRODUCT_NAME = "$(TARGET_NAME)";
				SWIFT_VERSION = 4.2;
				TARGETED_DEVICE_FAMILY = "1,2";
				TEST_HOST = "$(BUILT_PRODUCTS_DIR)/MasterMind.app/MasterMind";
			};
			name = Release;
		};
		34D617BB22568B0600767D5E /* Debug */ = {
			isa = XCBuildConfiguration;
			buildSettings = {
				ALWAYS_EMBED_SWIFT_STANDARD_LIBRARIES = YES;
				CODE_SIGN_STYLE = Automatic;
				INFOPLIST_FILE = MasterMindUITests/Info.plist;
				LD_RUNPATH_SEARCH_PATHS = (
					"$(inherited)",
					"@executable_path/Frameworks",
					"@loader_path/Frameworks",
				);
				PRODUCT_BUNDLE_IDENTIFIER = NA.MasterMindUITests;
				PRODUCT_NAME = "$(TARGET_NAME)";
				SWIFT_VERSION = 4.2;
				TARGETED_DEVICE_FAMILY = "1,2";
				TEST_TARGET_NAME = MasterMind;
			};
			name = Debug;
		};
		34D617BC22568B0600767D5E /* Release */ = {
			isa = XCBuildConfiguration;
			buildSettings = {
				ALWAYS_EMBED_SWIFT_STANDARD_LIBRARIES = YES;
				CODE_SIGN_STYLE = Automatic;
				INFOPLIST_FILE = MasterMindUITests/Info.plist;
				LD_RUNPATH_SEARCH_PATHS = (
					"$(inherited)",
					"@executable_path/Frameworks",
					"@loader_path/Frameworks",
				);
				PRODUCT_BUNDLE_IDENTIFIER = NA.MasterMindUITests;
				PRODUCT_NAME = "$(TARGET_NAME)";
				SWIFT_VERSION = 4.2;
				TARGETED_DEVICE_FAMILY = "1,2";
				TEST_TARGET_NAME = MasterMind;
			};
			name = Release;
		};
/* End XCBuildConfiguration section */

/* Begin XCConfigurationList section */
		34D6178722568B0400767D5E /* Build configuration list for PBXProject "MasterMind" */ = {
			isa = XCConfigurationList;
			buildConfigurations = (
				34D617B222568B0600767D5E /* Debug */,
				34D617B322568B0600767D5E /* Release */,
			);
			defaultConfigurationIsVisible = 0;
			defaultConfigurationName = Release;
		};
		34D617B422568B0600767D5E /* Build configuration list for PBXNativeTarget "MasterMind" */ = {
			isa = XCConfigurationList;
			buildConfigurations = (
				34D617B522568B0600767D5E /* Debug */,
				34D617B622568B0600767D5E /* Release */,
			);
			defaultConfigurationIsVisible = 0;
			defaultConfigurationName = Release;
		};
		34D617B722568B0600767D5E /* Build configuration list for PBXNativeTarget "MasterMindTests" */ = {
			isa = XCConfigurationList;
			buildConfigurations = (
				34D617B822568B0600767D5E /* Debug */,
				34D617B922568B0600767D5E /* Release */,
			);
			defaultConfigurationIsVisible = 0;
			defaultConfigurationName = Release;
		};
		34D617BA22568B0600767D5E /* Build configuration list for PBXNativeTarget "MasterMindUITests" */ = {
			isa = XCConfigurationList;
			buildConfigurations = (
				34D617BB22568B0600767D5E /* Debug */,
				34D617BC22568B0600767D5E /* Release */,
			);
			defaultConfigurationIsVisible = 0;
			defaultConfigurationName = Release;
		};
/* End XCConfigurationList section */
	};
	rootObject = 34D6178422568B0400767D5E /* Project object */;
}
